
Microsoft Visual Studio Solution File, Format Version 12.00
# Visual Studio Version 16
VisualStudioVersion = 16.0.32228.343
MinimumVisualStudioVersion = 10.0.40219.1
Project("{FAE04EC0-301F-11D3-BF4B-00C04F79EFBC}") = "S3GBusEntity", "..\SISLS3GDLayer\S3GBusEntity\S3GBusEntity.csproj", "{F930A34E-EF85-40B3-A541-412EEDB533CE}"
EndProject
Project("{FAE04EC0-301F-11D3-BF4B-00C04F79EFBC}") = "S3GDALayer", "..\SISLS3GDLayer\S3GDALayer\S3GDALayer.csproj", "{AF942B28-C7C0-4ED1-91C9-7528B99645AA}"
EndProject
Project("{FAE04EC0-301F-11D3-BF4B-00C04F79EFBC}") = "S3GServiceLayer", "..\SISLS3GSLayer\S3GServiceLayer.csproj", "{D2EE7EC0-703B-4E9A-9DBD-BB15B1B00A34}"
EndProject
Project("{E24C65DC-7377-472B-9ABA-BC803B73C61A}") = "SISLS3GPLayer(2)", "SISLS3GPLayer\", "{241D5395-90FD-41D6-A474-16BA08D389AC}"
	ProjectSection(WebsiteProperties) = preProject
		SccProjectName = ""
		SccAuxPath = ""
		SccLocalPath = ""
		SccProvider = ""
		TargetFrameworkMoniker = ".NETFramework,Version%3Dv4.5"
		Debug.AspNetCompiler.VirtualPath = "/localhost_58700"
		Debug.AspNetCompiler.PhysicalPath = "SISLS3GPLayer\"
		Debug.AspNetCompiler.TargetPath = "PrecompiledWeb\localhost_58700\"
		Debug.AspNetCompiler.Updateable = "true"
		Debug.AspNetCompiler.ForceOverwrite = "true"
		Debug.AspNetCompiler.FixedNames = "false"
		Debug.AspNetCompiler.Debug = "True"
		Release.AspNetCompiler.VirtualPath = "/localhost_58700"
		Release.AspNetCompiler.PhysicalPath = "SISLS3GPLayer\"
		Release.AspNetCompiler.TargetPath = "PrecompiledWeb\localhost_58700\"
		Release.AspNetCompiler.Updateable = "true"
		Release.AspNetCompiler.ForceOverwrite = "true"
		Release.AspNetCompiler.FixedNames = "false"
		Release.AspNetCompiler.Debug = "False"
		VWDPort = "58700"
		SlnRelativePath = "SISLS3GPLayer\"
	EndProjectSection
EndProject
Global
	GlobalSection(SolutionConfigurationPlatforms) = preSolution
		Debug|Any CPU = Debug|Any CPU
		Debug|Mixed Platforms = Debug|Mixed Platforms
		Debug|x64 = Debug|x64
		Release|Any CPU = Release|Any CPU
		Release|Mixed Platforms = Release|Mixed Platforms
		Release|x64 = Release|x64
	EndGlobalSection
	GlobalSection(ProjectConfigurationPlatforms) = postSolution
		{F930A34E-EF85-40B3-A541-412EEDB533CE}.Debug|Any CPU.ActiveCfg = Debug|Any CPU
		{F930A34E-EF85-40B3-A541-412EEDB533CE}.Debug|Any CPU.Build.0 = Debug|Any CPU
		{F930A34E-EF85-40B3-A541-412EEDB533CE}.Debug|Mixed Platforms.ActiveCfg = Debug|Any CPU
		{F930A34E-EF85-40B3-A541-412EEDB533CE}.Debug|Mixed Platforms.Build.0 = Debug|Any CPU
		{F930A34E-EF85-40B3-A541-412EEDB533CE}.Debug|x64.ActiveCfg = Debug|x64
		{F930A34E-EF85-40B3-A541-412EEDB533CE}.Debug|x64.Build.0 = Debug|x64
		{F930A34E-EF85-40B3-A541-412EEDB533CE}.Release|Any CPU.ActiveCfg = Release|Any CPU
		{F930A34E-EF85-40B3-A541-412EEDB533CE}.Release|Any CPU.Build.0 = Release|Any CPU
		{F930A34E-EF85-40B3-A541-412EEDB533CE}.Release|Mixed Platforms.ActiveCfg = Release|Any CPU
		{F930A34E-EF85-40B3-A541-412EEDB533CE}.Release|Mixed Platforms.Build.0 = Release|Any CPU
		{F930A34E-EF85-40B3-A541-412EEDB533CE}.Release|x64.ActiveCfg = Release|x64
		{F930A34E-EF85-40B3-A541-412EEDB533CE}.Release|x64.Build.0 = Release|x64
		{AF942B28-C7C0-4ED1-91C9-7528B99645AA}.Debug|Any CPU.ActiveCfg = Debug|Any CPU
		{AF942B28-C7C0-4ED1-91C9-7528B99645AA}.Debug|Any CPU.Build.0 = Debug|Any CPU
		{AF942B28-C7C0-4ED1-91C9-7528B99645AA}.Debug|Mixed Platforms.ActiveCfg = Debug|Any CPU
		{AF942B28-C7C0-4ED1-91C9-7528B99645AA}.Debug|Mixed Platforms.Build.0 = Debug|Any CPU
		{AF942B28-C7C0-4ED1-91C9-7528B99645AA}.Debug|x64.ActiveCfg = Debug|x64
		{AF942B28-C7C0-4ED1-91C9-7528B99645AA}.Debug|x64.Build.0 = Debug|x64
		{AF942B28-C7C0-4ED1-91C9-7528B99645AA}.Release|Any CPU.ActiveCfg = Release|Any CPU
		{AF942B28-C7C0-4ED1-91C9-7528B99645AA}.Release|Any CPU.Build.0 = Release|Any CPU
		{AF942B28-C7C0-4ED1-91C9-7528B99645AA}.Release|Mixed Platforms.ActiveCfg = Release|Any CPU
		{AF942B28-C7C0-4ED1-91C9-7528B99645AA}.Release|Mixed Platforms.Build.0 = Release|Any CPU
		{AF942B28-C7C0-4ED1-91C9-7528B99645AA}.Release|x64.ActiveCfg = Release|x64
		{AF942B28-C7C0-4ED1-91C9-7528B99645AA}.Release|x64.Build.0 = Release|x64
		{D2EE7EC0-703B-4E9A-9DBD-BB15B1B00A34}.Debug|Any CPU.ActiveCfg = Debug|Any CPU
		{D2EE7EC0-703B-4E9A-9DBD-BB15B1B00A34}.Debug|Any CPU.Build.0 = Debug|Any CPU
		{D2EE7EC0-703B-4E9A-9DBD-BB15B1B00A34}.Debug|Mixed Platforms.ActiveCfg = Debug|Any CPU
		{D2EE7EC0-703B-4E9A-9DBD-BB15B1B00A34}.Debug|Mixed Platforms.Build.0 = Debug|Any CPU
		{D2EE7EC0-703B-4E9A-9DBD-BB15B1B00A34}.Debug|x64.ActiveCfg = Debug|x64
		{D2EE7EC0-703B-4E9A-9DBD-BB15B1B00A34}.Debug|x64.Build.0 = Debug|x64
		{D2EE7EC0-703B-4E9A-9DBD-BB15B1B00A34}.Release|Any CPU.ActiveCfg = Release|Any CPU
		{D2EE7EC0-703B-4E9A-9DBD-BB15B1B00A34}.Release|Any CPU.Build.0 = Release|Any CPU
		{D2EE7EC0-703B-4E9A-9DBD-BB15B1B00A34}.Release|Mixed Platforms.ActiveCfg = Release|Any CPU
		{D2EE7EC0-703B-4E9A-9DBD-BB15B1B00A34}.Release|Mixed Platforms.Build.0 = Release|Any CPU
		{D2EE7EC0-703B-4E9A-9DBD-BB15B1B00A34}.Release|x64.ActiveCfg = Release|x64
		{D2EE7EC0-703B-4E9A-9DBD-BB15B1B00A34}.Release|x64.Build.0 = Release|x64
		{241D5395-90FD-41D6-A474-16BA08D389AC}.Debug|Any CPU.ActiveCfg = Debug|Any CPU
		{241D5395-90FD-41D6-A474-16BA08D389AC}.Debug|Any CPU.Build.0 = Debug|Any CPU
		{241D5395-90FD-41D6-A474-16BA08D389AC}.Debug|Mixed Platforms.ActiveCfg = Debug|Any CPU
		{241D5395-90FD-41D6-A474-16BA08D389AC}.Debug|Mixed Platforms.Build.0 = Debug|Any CPU
		{241D5395-90FD-41D6-A474-16BA08D389AC}.Debug|x64.ActiveCfg = Debug|Any CPU
		{241D5395-90FD-41D6-A474-16BA08D389AC}.Debug|x64.Build.0 = Debug|Any CPU
		{241D5395-90FD-41D6-A474-16BA08D389AC}.Release|Any CPU.ActiveCfg = Debug|Any CPU
		{241D5395-90FD-41D6-A474-16BA08D389AC}.Release|Any CPU.Build.0 = Debug|Any CPU
		{241D5395-90FD-41D6-A474-16BA08D389AC}.Release|Mixed Platforms.ActiveCfg = Debug|Any CPU
		{241D5395-90FD-41D6-A474-16BA08D389AC}.Release|Mixed Platforms.Build.0 = Debug|Any CPU
		{241D5395-90FD-41D6-A474-16BA08D389AC}.Release|x64.ActiveCfg = Debug|Any CPU
		{241D5395-90FD-41D6-A474-16BA08D389AC}.Release|x64.Build.0 = Debug|Any CPU
	EndGlobalSection
	GlobalSection(SolutionProperties) = preSolution
		HideSolutionNode = FALSE
	EndGlobalSection
	GlobalSection(ExtensibilityGlobals) = postSolution
		SolutionGuid = {1EAD4AE4-4F04-4BA2-85BE-592CFC735135}
	EndGlobalSection
EndGlobal
